PODS:
  - keyri-pod (0.0.0)
  - Toaster (2.3.0)

DEPENDENCIES:
  - keyri-pod (from `../`)
  - Toaster

SPEC REPOS:
  trunk:
    - Toaster

EXTERNAL SOURCES:
  keyri-pod:
    :path: "../"

SPEC CHECKSUMS:
  keyri-pod: acd0a5ab7b651b4fe1e0b6ed5d650fbd9a880727
  Toaster: c3473963c78e8cabbf6ea6f11ad0fdaae6f54987

PODFILE CHECKSUM: 9b108e7de1874c06e7eba1d735957543cfbc05aa

COCOAPODS: 1.11.3
