PODS:
  - keyri-pod (0.1.21)
  - Toaster (2.3.0)

DEPENDENCIES:
  - keyri-pod (from `../`)
  - Toaster

SPEC REPOS:
  trunk:
    - Toaster

EXTERNAL SOURCES:
  keyri-pod:
    :path: "../"

SPEC CHECKSUMS:
  keyri-pod: c72f5f114a18407feed1fce463f5892ea10866c5
  Toaster: c3473963c78e8cabbf6ea6f11ad0fdaae6f54987

PODFILE CHECKSUM: 88ca32336612776c1cbddfbdedc9c1da0e23aa1f

COCOAPODS: 1.11.2
